
Microsoft Visual Studio Solution File, Format Version 12.00
Project("{FAE04EC0-301F-11D3-BF4B-00C04F79EFBC}") = "JWT", "JWT\JWT.csproj", "{C73662BA-46DC-4C12-BF9C-1B7388537170}"
EndProject
Global
	GlobalSection(SolutionConfigurationPlatforms) = preSolution
		Debug|Any CPU = Debug|Any CPU
		Release|Any CPU = Release|Any CPU
	EndGlobalSection
	GlobalSection(ProjectConfigurationPlatforms) = postSolution
		{C73662BA-46DC-4C12-BF9C-1B7388537170}.Debug|Any CPU.ActiveCfg = Debug|Any CPU
		{C73662BA-46DC-4C12-BF9C-1B7388537170}.Debug|Any CPU.Build.0 = Debug|Any CPU
		{C73662BA-46DC-4C12-BF9C-1B7388537170}.Release|Any CPU.ActiveCfg = Release|Any CPU
		{C73662BA-46DC-4C12-BF9C-1B7388537170}.Release|Any CPU.Build.0 = Release|Any CPU
	EndGlobalSection
EndGlobal
